
Microsoft Visual Studio Solution File, Format Version 12.00
# Visual Studio Version 17
VisualStudioVersion = 17.11.34909.67
MinimumVisualStudioVersion = 10.0.40219.1
Project("{9A19103F-16F7-4668-BE54-9A1E7A4F7556}") = "Kunet.AspNetCore.Plugable", "Kunet.AspNetCore.Plugable\Kunet.AspNetCore.Plugable.csproj", "{B85A134C-D145-4B42-BE62-A37357DEE6E5}"
EndProject
Project("{2150E333-8FDC-42A3-9474-1A3956D46DE8}") = "Sample", "Sample", "{A067E267-5781-47CF-9EE2-4ACCCC5C7742}"
EndProject
Project("{9A19103F-16F7-4668-BE54-9A1E7A4F7556}") = "RazorClassLibrary1", "Sample\RazorClassLibrary1\RazorClassLibrary1.csproj", "{D2C56ACB-A539-4507-B1F1-490406FEBB8F}"
EndProject
Project("{9A19103F-16F7-4668-BE54-9A1E7A4F7556}") = "WebApplication1", "Sample\WebApplication1\WebApplication1.csproj", "{C46AF12F-0F78-426D-96F4-0927CACD0445}"
EndProject
Global
	GlobalSection(SolutionConfigurationPlatforms) = preSolution
		Debug|Any CPU = Debug|Any CPU
		Release|Any CPU = Release|Any CPU
	EndGlobalSection
	GlobalSection(ProjectConfigurationPlatforms) = postSolution
		{B85A134C-D145-4B42-BE62-A37357DEE6E5}.Debug|Any CPU.ActiveCfg = Debug|Any CPU
		{B85A134C-D145-4B42-BE62-A37357DEE6E5}.Debug|Any CPU.Build.0 = Debug|Any CPU
		{B85A134C-D145-4B42-BE62-A37357DEE6E5}.Release|Any CPU.ActiveCfg = Release|Any CPU
		{B85A134C-D145-4B42-BE62-A37357DEE6E5}.Release|Any CPU.Build.0 = Release|Any CPU
		{D2C56ACB-A539-4507-B1F1-490406FEBB8F}.Debug|Any CPU.ActiveCfg = Debug|Any CPU
		{D2C56ACB-A539-4507-B1F1-490406FEBB8F}.Debug|Any CPU.Build.0 = Debug|Any CPU
		{D2C56ACB-A539-4507-B1F1-490406FEBB8F}.Release|Any CPU.ActiveCfg = Release|Any CPU
		{D2C56ACB-A539-4507-B1F1-490406FEBB8F}.Release|Any CPU.Build.0 = Release|Any CPU
		{C46AF12F-0F78-426D-96F4-0927CACD0445}.Debug|Any CPU.ActiveCfg = Debug|Any CPU
		{C46AF12F-0F78-426D-96F4-0927CACD0445}.Debug|Any CPU.Build.0 = Debug|Any CPU
		{C46AF12F-0F78-426D-96F4-0927CACD0445}.Release|Any CPU.ActiveCfg = Release|Any CPU
		{C46AF12F-0F78-426D-96F4-0927CACD0445}.Release|Any CPU.Build.0 = Release|Any CPU
	EndGlobalSection
	GlobalSection(SolutionProperties) = preSolution
		HideSolutionNode = FALSE
	EndGlobalSection
	GlobalSection(NestedProjects) = preSolution
		{D2C56ACB-A539-4507-B1F1-490406FEBB8F} = {A067E267-5781-47CF-9EE2-4ACCCC5C7742}
		{C46AF12F-0F78-426D-96F4-0927CACD0445} = {A067E267-5781-47CF-9EE2-4ACCCC5C7742}
	EndGlobalSection
	GlobalSection(ExtensibilityGlobals) = postSolution
		SolutionGuid = {D855C272-1F77-4D1C-B193-9B36150F6EB0}
	EndGlobalSection
EndGlobal
